# Generated by buf. DO NOT EDIT.
version: v2
deps:
  - name: buf.build/googleapis/googleapis
    commit: 62f35d8aed1149c291d606d958a7ce32
    digest: b5:d66bf04adc77a0870bdc9328aaf887c7188a36fb02b83a480dc45ef9dc031b4d39fc6e9dc6435120ccf4fe5bfd5c6cb6592533c6c316595571f9a31420ab47fe
  - name: buf.build/viamrobotics/api
    commit: 2690486e5f0145c487312d9cce83af9f
    digest: b5:d279cf60acefe6c9e930bae9e093d37ec5fdfdfdaf846f07113fe6554adf80f3fb13a21c1013be3a7645f3b55654ed4506edb152c39087421c58d6ec4b42a71e
