# Generated by buf. DO NOT EDIT.
version: v2
deps:
  - name: buf.build/googleapis/googleapis
    commit: 62f35d8aed1149c291d606d958a7ce32
    digest: b5:d66bf04adc77a0870bdc9328aaf887c7188a36fb02b83a480dc45ef9dc031b4d39fc6e9dc6435120ccf4fe5bfd5c6cb6592533c6c316595571f9a31420ab47fe
  - name: buf.build/viamrobotics/api
    commit: d179f7d41acb47f3beeced05ea08360a
    digest: b5:e94e780d5cf7e4428e2455155168ff7ec97537e2eb4fde469aadaa110a3e58b38929e1e68d0616321fcfebdd7c23d1e5d490c086af47aac8203c06b855823b6e
