# Generated by buf. DO NOT EDIT.
version: v2
deps:
  - name: buf.build/googleapis/googleapis
    commit: 62f35d8aed1149c291d606d958a7ce32
    digest: b5:d66bf04adc77a0870bdc9328aaf887c7188a36fb02b83a480dc45ef9dc031b4d39fc6e9dc6435120ccf4fe5bfd5c6cb6592533c6c316595571f9a31420ab47fe
  - name: buf.build/viamrobotics/api
    commit: 62efe1b733b2446eba14a0d249bd0a40
    digest: b5:819bc5288fa8d49304111a90812b4f916b38da11417092f2647733b9c9c311f9cb3d461088553ed03df06d7171639a9aea741bab5337c700e83c8596d0d09625
